// !$*UTF8*$!
{
	archiveVersion = 1;
	classes = {
	};
	objectVersion = 48;
	objects = {

/* Begin PBXBuildFile section */
		1CE61B7E20708E9300538DEC /* AppDelegate.swift in Sources */ = {isa = PBXBuildFile; fileRef = 1CE61B7D20708E9300538DEC /* AppDelegate.swift */; };
		1CE61B8020708E9300538DEC /* LocationViewController.swift in Sources */ = {isa = PBXBuildFile; fileRef = 1CE61B7F20708E9300538DEC /* LocationViewController.swift */; };
		1CE61B8320708E9300538DEC /* Main.storyboard in Resources */ = {isa = PBXBuildFile; fileRef = 1CE61B8120708E9300538DEC /* Main.storyboard */; };
		1CE61B8620708E9300538DEC /* GeoFenceImplementation.xcdatamodeld in Sources */ = {isa = PBXBuildFile; fileRef = 1CE61B8420708E9300538DEC /* GeoFenceImplementation.xcdatamodeld */; };
		1CE61B8820708E9300538DEC /* Assets.xcassets in Resources */ = {isa = PBXBuildFile; fileRef = 1CE61B8720708E9300538DEC /* Assets.xcassets */; };
		1CE61B8B20708E9300538DEC /* LaunchScreen.storyboard in Resources */ = {isa = PBXBuildFile; fileRef = 1CE61B8920708E9300538DEC /* LaunchScreen.storyboard */; };
/* End PBXBuildFile section */

/* Begin PBXFileReference section */
		1CE61B7A20708E9300538DEC /* GeoFenceImplementation.app */ = {isa = PBXFileReference; explicitFileType = wrapper.application; includeInIndex = 0; path = GeoFenceImplementation.app; sourceTree = BUILT_PRODUCTS_DIR; };
		1CE61B7D20708E9300538DEC /* AppDelegate.swift */ = {isa = PBXFileReference; lastKnownFileType = sourcecode.swift; path = AppDelegate.swift; sourceTree = "<group>"; };
		1CE61B7F20708E9300538DEC /* LocationViewController.swift */ = {isa = PBXFileReference; lastKnownFileType = sourcecode.swift; path = LocationViewController.swift; sourceTree = "<group>"; };
		1CE61B8220708E9300538DEC /* Base */ = {isa = PBXFileReference; lastKnownFileType = file.storyboard; name = Base; path = Base.lproj/Main.storyboard; sourceTree = "<group>"; };
		1CE61B8520708E9300538DEC /* GeoFenceImplementation.xcdatamodel */ = {isa = PBXFileReference; lastKnownFileType = wrapper.xcdatamodel; path = GeoFenceImplementation.xcdatamodel; sourceTree = "<group>"; };
		1CE61B8720708E9300538DEC /* Assets.xcassets */ = {isa = PBXFileReference; lastKnownFileType = folder.assetcatalog; path = Assets.xcassets; sourceTree = "<group>"; };
		1CE61B8A20708E9300538DEC /* Base */ = {isa = PBXFileReference; lastKnownFileType = file.storyboard; name = Base; path = Base.lproj/LaunchScreen.storyboard; sourceTree = "<group>"; };
		1CE61B8C20708E9300538DEC /* Info.plist */ = {isa = PBXFileReference; lastKnownFileType = text.plist.xml; path = Info.plist; sourceTree = "<group>"; };
/* End PBXFileReference section */

/* Begin PBXFrameworksBuildPhase section */
		1CE61B7720708E9300538DEC /* Frameworks */ = {
			isa = PBXFrameworksBuildPhase;
			buildActionMask = 2147483647;
			files = (
			);
			runOnlyForDeploymentPostprocessing = 0;
		};
/* End PBXFrameworksBuildPhase section */

/* Begin PBXGroup section */
		1CE61B7120708E9300538DEC = {
			isa = PBXGroup;
			children = (
				1CE61B7C20708E9300538DEC /* GeoFenceImplementation */,
				1CE61B7B20708E9300538DEC /* Products */,
			);
			sourceTree = "<group>";
		};
		1CE61B7B20708E9300538DEC /* Products */ = {
			isa = PBXGroup;
			children = (
				1CE61B7A20708E9300538DEC /* GeoFenceImplementation.app */,
			);
			name = Products;
			sourceTree = "<group>";
		};
		1CE61B7C20708E9300538DEC /* GeoFenceImplementation */ = {
			isa = PBXGroup;
			children = (
				1CE61B7D20708E9300538DEC /* AppDelegate.swift */,
				1CE61B7F20708E9300538DEC /* LocationViewController.swift */,
				1CE61B8120708E9300538DEC /* Main.storyboard */,
				1CE61B8720708E9300538DEC /* Assets.xcassets */,
				1CE61B8920708E9300538DEC /* LaunchScreen.storyboard */,
				1CE61B8C20708E9300538DEC /* Info.plist */,
				1CE61B8420708E9300538DEC /* GeoFenceImplementation.xcdatamodeld */,
			);
			path = GeoFenceImplementation;
			sourceTree = "<group>";
		};
/* End PBXGroup section */

/* Begin PBXNativeTarget section */
		1CE61B7920708E9300538DEC /* GeoFenceImplementation */ = {
			isa = PBXNativeTarget;
			buildConfigurationList = 1CE61B8F20708E9300538DEC /* Build configuration list for PBXNativeTarget "GeoFenceImplementation" */;
			buildPhases = (
				1CE61B7620708E9300538DEC /* Sources */,
				1CE61B7720708E9300538DEC /* Frameworks */,
				1CE61B7820708E9300538DEC /* Resources */,
			);
			buildRules = (
			);
			dependencies = (
			);
			name = GeoFenceImplementation;
			productName = GeoFenceImplementation;
			productReference = 1CE61B7A20708E9300538DEC /* GeoFenceImplementation.app */;
			productType = "com.apple.product-type.application";
		};
/* End PBXNativeTarget section */

/* Begin PBXProject section */
		1CE61B7220708E9300538DEC /* Project object */ = {
			isa = PBXProject;
			attributes = {
				LastSwiftUpdateCheck = 0920;
				LastUpgradeCheck = 0920;
				ORGANIZATIONNAME = "Matthew Harrilal";
				TargetAttributes = {
					1CE61B7920708E9300538DEC = {
						CreatedOnToolsVersion = 9.2;
						ProvisioningStyle = Automatic;
					};
				};
			};
			buildConfigurationList = 1CE61B7520708E9300538DEC /* Build configuration list for PBXProject "GeoFenceImplementation" */;
			compatibilityVersion = "Xcode 8.0";
			developmentRegion = en;
			hasScannedForEncodings = 0;
			knownRegions = (
				en,
				Base,
			);
			mainGroup = 1CE61B7120708E9300538DEC;
			productRefGroup = 1CE61B7B20708E9300538DEC /* Products */;
			projectDirPath = "";
			projectRoot = "";
			targets = (
				1CE61B7920708E9300538DEC /* GeoFenceImplementation */,
			);
		};
/* End PBXProject section */

/* Begin PBXResourcesBuildPhase section */
		1CE61B7820708E9300538DEC /* Resources */ = {
			isa = PBXResourcesBuildPhase;
			buildActionMask = 2147483647;
			files = (
				1CE61B8B20708E9300538DEC /* LaunchScreen.storyboard in Resources */,
				1CE61B8820708E9300538DEC /* Assets.xcassets in Resources */,
				1CE61B8320708E9300538DEC /* Main.storyboard in Resources */,
			);
			runOnlyForDeploymentPostprocessing = 0;
		};
/* End PBXResourcesBuildPhase section */

/* Begin PBXSourcesBuildPhase section */
		1CE61B7620708E9300538DEC /* Sources */ = {
			isa = PBXSourcesBuildPhase;
			buildActionMask = 2147483647;
			files = (
				1CE61B8020708E9300538DEC /* LocationViewController.swift in Sources */,
				1CE61B7E20708E9300538DEC /* AppDelegate.swift in Sources */,
				1CE61B8620708E9300538DEC /* GeoFenceImplementation.xcdatamodeld in Sources */,
			);
			runOnlyForDeploymentPostprocessing = 0;
		};
/* End PBXSourcesBuildPhase section */

/* Begin PBXVariantGroup section */
		1CE61B8120708E9300538DEC /* Main.storyboard */ = {
			isa = PBXVariantGroup;
			children = (
				1CE61B8220708E9300538DEC /* Base */,
			);
			name = Main.storyboard;
			sourceTree = "<group>";
		};
		1CE61B8920708E9300538DEC /* LaunchScreen.storyboard */ = {
			isa = PBXVariantGroup;
			children = (
				1CE61B8A20708E9300538DEC /* Base */,
			);
			name = LaunchScreen.storyboard;
			sourceTree = "<group>";
		};
/* End PBXVariantGroup section */

/* Begin XCBuildConfiguration section */
		1CE61B8D20708E9300538DEC /* Debug */ = {
			isa = XCBuildConfiguration;
			buildSettings = {
				ALWAYS_SEARCH_USER_PATHS = NO;
				CLANG_ANALYZER_NONNULL = YES;
				CLANG_ANALYZER_NUMBER_OBJECT_CONVERSION = YES_AGGRESSIVE;
				CLANG_CXX_LANGUAGE_STANDARD = "gnu++14";
				CLANG_CXX_LIBRARY = "libc++";
				CLANG_ENABLE_MODULES = YES;
				CLANG_ENABLE_OBJC_ARC = YES;
				CLANG_WARN_BLOCK_CAPTURE_AUTORELEASING = YES;
				CLANG_WARN_BOOL_CONVERSION = YES;
				CLANG_WARN_COMMA = YES;
				CLANG_WARN_CONSTANT_CONVERSION = YES;
				CLANG_WARN_DIRECT_OBJC_ISA_USAGE = YES_ERROR;
				CLANG_WARN_DOCUMENTATION_COMMENTS = YES;
				CLANG_WARN_EMPTY_BODY = YES;
				CLANG_WARN_ENUM_CONVERSION = YES;
				CLANG_WARN_INFINITE_RECURSION = YES;
				CLANG_WARN_INT_CONVERSION = YES;
				CLANG_WARN_NON_LITERAL_NULL_CONVERSION = YES;
				CLANG_WARN_OBJC_LITERAL_CONVERSION = YES;
				CLANG_WARN_OBJC_ROOT_CLASS = YES_ERROR;
				CLANG_WARN_RANGE_LOOP_ANALYSIS = YES;
				CLANG_WARN_STRICT_PROTOTYPES = YES;
				CLANG_WARN_SUSPICIOUS_MOVE = YES;
				CLANG_WARN_UNGUARDED_AVAILABILITY = YES_AGGRESSIVE;
				CLANG_WARN_UNREACHABLE_CODE = YES;
				CLANG_WARN__DUPLICATE_METHOD_MATCH = YES;
				CODE_SIGN_IDENTITY = "iPhone Developer";
				COPY_PHASE_STRIP = NO;
				DEBUG_INFORMATION_FORMAT = dwarf;
				ENABLE_STRICT_OBJC_MSGSEND = YES;
				ENABLE_TESTABILITY = YES;
				GCC_C_LANGUAGE_STANDARD = gnu11;
				GCC_DYNAMIC_NO_PIC = NO;
				GCC_NO_COMMON_BLOCKS = YES;
				GCC_OPTIMIZATION_LEVEL = 0;
				GCC_PREPROCESSOR_DEFINITIONS = (
					"DEBUG=1",
					"$(inherited)",
				);
				GCC_WARN_64_TO_32_BIT_CONVERSION = YES;
				GCC_WARN_ABOUT_RETURN_TYPE = YES_ERROR;
				GCC_WARN_UNDECLARED_SELECTOR = YES;
				GCC_WARN_UNINITIALIZED_AUTOS = YES_AGGRESSIVE;
				GCC_WARN_UNUSED_FUNCTION = YES;
				GCC_WARN_UNUSED_VARIABLE = YES;
				IPHONEOS_DEPLOYMENT_TARGET = 11.2;
				MTL_ENABLE_DEBUG_INFO = YES;
				ONLY_ACTIVE_ARCH = YES;
				SDKROOT = iphoneos;
				SWIFT_ACTIVE_COMPILATION_CONDITIONS = DEBUG;
				SWIFT_OPTIMIZATION_LEVEL = "-Onone";
			};
			name = Debug;
		};
		1CE61B8E20708E9300538DEC /* Release */ = {
			isa = XCBuildConfiguration;
			buildSettings = {
				ALWAYS_SEARCH_USER_PATHS = NO;
				CLANG_ANALYZER_NONNULL = YES;
				CLANG_ANALYZER_NUMBER_OBJECT_CONVERSION = YES_AGGRESSIVE;
				CLANG_CXX_LANGUAGE_STANDARD = "gnu++14";
				CLANG_CXX_LIBRARY = "libc++";
				CLANG_ENABLE_MODULES = YES;
				CLANG_ENABLE_OBJC_ARC = YES;
				CLANG_WARN_BLOCK_CAPTURE_AUTORELEASING = YES;
				CLANG_WARN_BOOL_CONVERSION = YES;
				CLANG_WARN_COMMA = YES;
				CLANG_WARN_CONSTANT_CONVERSION = YES;
				CLANG_WARN_DIRECT_OBJC_ISA_USAGE = YES_ERROR;
				CLANG_WARN_DOCUMENTATION_COMMENTS = YES;
				CLANG_WARN_EMPTY_BODY = YES;
				CLANG_WARN_ENUM_CONVERSION = YES;
				CLANG_WARN_INFINITE_RECURSION = YES;
				CLANG_WARN_INT_CONVERSION = YES;
				CLANG_WARN_NON_LITERAL_NULL_CONVERSION = YES;
				CLANG_WARN_OBJC_LITERAL_CONVERSION = YES;
				CLANG_WARN_OBJC_ROOT_CLASS = YES_ERROR;
				CLANG_WARN_RANGE_LOOP_ANALYSIS = YES;
				CLANG_WARN_STRICT_PROTOTYPES = YES;
				CLANG_WARN_SUSPICIOUS_MOVE = YES;
				CLANG_WARN_UNGUARDED_AVAILABILITY = YES_AGGRESSIVE;
				CLANG_WARN_UNREACHABLE_CODE = YES;
				CLANG_WARN__DUPLICATE_METHOD_MATCH = YES;
				CODE_SIGN_IDENTITY = "iPhone Developer";
				COPY_PHASE_STRIP = NO;
				DEBUG_INFORMATION_FORMAT = "dwarf-with-dsym";
				ENABLE_NS_ASSERTIONS = NO;
				ENABLE_STRICT_OBJC_MSGSEND = YES;
				GCC_C_LANGUAGE_STANDARD = gnu11;
				GCC_NO_COMMON_BLOCKS = YES;
				GCC_WARN_64_TO_32_BIT_CONVERSION = YES;
				GCC_WARN_ABOUT_RETURN_TYPE = YES_ERROR;
				GCC_WARN_UNDECLARED_SELECTOR = YES;
				GCC_WARN_UNINITIALIZED_AUTOS = YES_AGGRESSIVE;
				GCC_WARN_UNUSED_FUNCTION = YES;
				GCC_WARN_UNUSED_VARIABLE = YES;
				IPHONEOS_DEPLOYMENT_TARGET = 11.2;
				MTL_ENABLE_DEBUG_INFO = NO;
				SDKROOT = iphoneos;
				SWIFT_OPTIMIZATION_LEVEL = "-Owholemodule";
				VALIDATE_PRODUCT = YES;
			};
			name = Release;
		};
		1CE61B9020708E9300538DEC /* Debug */ = {
			isa = XCBuildConfiguration;
			buildSettings = {
				ASSETCATALOG_COMPILER_APPICON_NAME = AppIcon;
				CODE_SIGN_STYLE = Automatic;
				DEVELOPMENT_TEAM = R4WEEFNVWZ;
				INFOPLIST_FILE = GeoFenceImplementation/Info.plist;
				LD_RUNPATH_SEARCH_PATHS = "$(inherited) @executable_path/Frameworks";
				PRODUCT_BUNDLE_IDENTIFIER = m.GeoFenceImplementation;
				PRODUCT_NAME = "$(TARGET_NAME)";
				SWIFT_VERSION = 4.0;
				TARGETED_DEVICE_FAMILY = "1,2";
			};
			name = Debug;
		};
		1CE61B9120708E9300538DEC /* Release */ = {
			isa = XCBuildConfiguration;
			buildSettings = {
				ASSETCATALOG_COMPILER_APPICON_NAME = AppIcon;
				CODE_SIGN_STYLE = Automatic;
				DEVELOPMENT_TEAM = R4WEEFNVWZ;
				INFOPLIST_FILE = GeoFenceImplementation/Info.plist;
				LD_RUNPATH_SEARCH_PATHS = "$(inherited) @executable_path/Frameworks";
				PRODUCT_BUNDLE_IDENTIFIER = m.GeoFenceImplementation;
				PRODUCT_NAME = "$(TARGET_NAME)";
				SWIFT_VERSION = 4.0;
				TARGETED_DEVICE_FAMILY = "1,2";
			};
			name = Release;
		};
/* End XCBuildConfiguration section */

/* Begin XCConfigurationList section */
		1CE61B7520708E9300538DEC /* Build configuration list for PBXProject "GeoFenceImplementation" */ = {
			isa = XCConfigurationList;
			buildConfigurations = (
				1CE61B8D20708E9300538DEC /* Debug */,
				1CE61B8E20708E9300538DEC /* Release */,
			);
			defaultConfigurationIsVisible = 0;
			defaultConfigurationName = Release;
		};
		1CE61B8F20708E9300538DEC /* Build configuration list for PBXNativeTarget "GeoFenceImplementation" */ = {
			isa = XCConfigurationList;
			buildConfigurations = (
				1CE61B9020708E9300538DEC /* Debug */,
				1CE61B9120708E9300538DEC /* Release */,
			);
			defaultConfigurationIsVisible = 0;
			defaultConfigurationName = Release;
		};
/* End XCConfigurationList section */

/* Begin XCVersionGroup section */
		1CE61B8420708E9300538DEC /* GeoFenceImplementation.xcdatamodeld */ = {
			isa = XCVersionGroup;
			children = (
				1CE61B8520708E9300538DEC /* GeoFenceImplementation.xcdatamodel */,
			);
			currentVersion = 1CE61B8520708E9300538DEC /* GeoFenceImplementation.xcdatamodel */;
			path = GeoFenceImplementation.xcdatamodeld;
			sourceTree = "<group>";
			versionGroupType = wrapper.xcdatamodel;
		};
/* End XCVersionGroup section */
	};
	rootObject = 1CE61B7220708E9300538DEC /* Project object */;
}
